
Microsoft Visual Studio Solution File, Format Version 12.00
# Visual Studio Version 17
VisualStudioVersion = 17.11.35312.102
MinimumVisualStudioVersion = 10.0.40219.1
Project("{9A19103F-16F7-4668-BE54-9A1E7A4F7556}") = "UdemyEFCore.DatabaseFirst", "UdemyEFCore.DatabaseFirst\UdemyEFCore.DatabaseFirst.csproj", "{01F2DA20-0482-4049-B642-D9925B04CC6F}"
EndProject
Project("{FAE04EC0-301F-11D3-BF4B-00C04F79EFBC}") = "UdemyEFCore.DatabaseFirstByScaffold", "UdemyEFCore.DatabaseFirstByScaffold\UdemyEFCore.DatabaseFirstByScaffold.csproj", "{BDB2C592-503C-4DD5-A0EE-38C78134BBF0}"
EndProject
Project("{FAE04EC0-301F-11D3-BF4B-00C04F79EFBC}") = "UdemyEFCore.CodeFirst", "UdemyEFCore.CodeFirst\UdemyEFCore.CodeFirst.csproj", "{FE6AA7E9-6A97-4485-BEF0-A14B7D752B36}"
EndProject
Global
	GlobalSection(SolutionConfigurationPlatforms) = preSolution
		Debug|Any CPU = Debug|Any CPU
		Release|Any CPU = Release|Any CPU
	EndGlobalSection
	GlobalSection(ProjectConfigurationPlatforms) = postSolution
		{01F2DA20-0482-4049-B642-D9925B04CC6F}.Debug|Any CPU.ActiveCfg = Debug|Any CPU
		{01F2DA20-0482-4049-B642-D9925B04CC6F}.Debug|Any CPU.Build.0 = Debug|Any CPU
		{01F2DA20-0482-4049-B642-D9925B04CC6F}.Release|Any CPU.ActiveCfg = Release|Any CPU
		{01F2DA20-0482-4049-B642-D9925B04CC6F}.Release|Any CPU.Build.0 = Release|Any CPU
		{BDB2C592-503C-4DD5-A0EE-38C78134BBF0}.Debug|Any CPU.ActiveCfg = Debug|Any CPU
		{BDB2C592-503C-4DD5-A0EE-38C78134BBF0}.Debug|Any CPU.Build.0 = Debug|Any CPU
		{BDB2C592-503C-4DD5-A0EE-38C78134BBF0}.Release|Any CPU.ActiveCfg = Release|Any CPU
		{BDB2C592-503C-4DD5-A0EE-38C78134BBF0}.Release|Any CPU.Build.0 = Release|Any CPU
		{FE6AA7E9-6A97-4485-BEF0-A14B7D752B36}.Debug|Any CPU.ActiveCfg = Debug|Any CPU
		{FE6AA7E9-6A97-4485-BEF0-A14B7D752B36}.Debug|Any CPU.Build.0 = Debug|Any CPU
		{FE6AA7E9-6A97-4485-BEF0-A14B7D752B36}.Release|Any CPU.ActiveCfg = Release|Any CPU
		{FE6AA7E9-6A97-4485-BEF0-A14B7D752B36}.Release|Any CPU.Build.0 = Release|Any CPU
	EndGlobalSection
	GlobalSection(SolutionProperties) = preSolution
		HideSolutionNode = FALSE
	EndGlobalSection
	GlobalSection(ExtensibilityGlobals) = postSolution
		SolutionGuid = {FAEE48FA-A166-46D7-A825-563FEDB3A2A5}
	EndGlobalSection
EndGlobal
